<?xml version="1.0" encoding="utf-8"?>
<Project ToolsVersion="17.0" xmlns="http://schemas.microsoft.com/developer/msbuild/2003">
  <ItemGroup>
    <ClCompile Include="$(ProjectDir)..\..\src\context.c" />
    <ClCompile Include="$(ProjectDir)..\..\src\init.c" />
    <ClCompile Include="$(ProjectDir)..\..\src\input.c" />
    <ClCompile Include="$(ProjectDir)..\..\src\monitor.c" />
    <ClCompile Include="$(ProjectDir)..\..\src\vulkan.c" />
    <ClCompile Include="$(ProjectDir)..\..\src\window.c" />
    <ClCompile Include="$(ProjectDir)..\..\src\win32_init.c" />
    <ClCompile Include="$(ProjectDir)..\..\src\win32_joystick.c" />
    <ClCompile Include="$(ProjectDir)..\..\src\win32_monitor.c" />
    <ClCompile Include="$(ProjectDir)..\..\src\win32_time.c" />
    <ClCompile Include="$(ProjectDir)..\..\src\win32_thread.c" />
    <ClCompile Include="$(ProjectDir)..\..\src\win32_window.c" />
    <ClCompile Include="$(ProjectDir)..\..\src\wgl_context.c" />
    <ClCompile Include="$(ProjectDir)..\..\src\egl_context.c" />
    <ClCompile Include="$(ProjectDir)..\..\src\osmesa_context.c" />
  </ItemGroup>
  <ItemGroup>
    <ClInclude Include="$(ProjectDir)..\..\include\GLFW\glfw3.h" />
    <ClInclude Include="$(ProjectDir)..\..\include\GLFW\glfw3native.h" />
    <ClInclude Include="$(ProjectDir)..\..\src\internal.h" />
    <ClInclude Include="$(ProjectDir)..\..\src\mappings.h" />
    <ClInclude Include="$(ProjectDir)..\..\src\win32_platform.h" />
    <ClInclude Include="$(ProjectDir)..\..\src\win32_joystick.h" />
    <ClInclude Include="$(ProjectDir)..\..\src\wgl_context.h" />
    <ClInclude Include="$(ProjectDir)..\..\src\egl_context.h" />
    <ClInclude Include="$(ProjectDir)..\..\src\osmesa_context.h" />
    <ClInclude Include="$(ProjectDir)..\..\config\src\glfw_config.h" />
  </ItemGroup>
  <ItemGroup>
    <Filter Include="Header Files">
      <UniqueIdentifier>{545A5FC1-703A-38D9-8E18-686E714AC145}</UniqueIdentifier>
    </Filter>
    <Filter Include="Source Files">
      <UniqueIdentifier>{CB6FD594-D7D1-33E3-9C20-3CC3590B60D7}</UniqueIdentifier>
    </Filter>
  </ItemGroup>
</Project>