
Microsoft Visual Studio Solution File, Format Version 12.00
# Visual Studio Version 17
Project("{2150E333-8FDC-42A3-9474-1A3956D46DE8}") = "CMakePredefinedTargets", "CMakePredefinedTargets", "{D5650C98-9E1B-3733-9E0D-B8DCC5352764}"
EndProject
Project("{2150E333-8FDC-42A3-9474-1A3956D46DE8}") = "GLFW3", "GLFW3", "{BE257A0C-83D7-3E7A-8CD7-48E1273D2B05}"
EndProject
Project("{2150E333-8FDC-42A3-9474-1A3956D46DE8}") = "Examples", "GLFW3\Examples", "{D9FDA1BA-1136-3BAD-B3FF-4B550760B459}"
EndProject
Project("{2150E333-8FDC-42A3-9474-1A3956D46DE8}") = "Tests", "GLFW3\Tests", "{6F6BBA36-9A34-3A2F-BA2C-84766094C9FD}"
EndProject
Project("{8BC9CEB8-8B4A-11D0-8D11-00A0C91BC942}") = "ALL_BUILD", "ALL_BUILD.vcxproj", "{DDF6C7BA-440C-3210-844D-7C45AD512A39}"
	ProjectSection(ProjectDependencies) = postProject
		{9B7133AD-54DD-3482-AABF-7314E44DBA58} = {9B7133AD-54DD-3482-AABF-7314E44DBA58}
		{CFA9A490-A6C6-344F-97A7-A10501B3A5F4} = {CFA9A490-A6C6-344F-97A7-A10501B3A5F4}
		{F2C0106C-CD1C-37B2-9958-51B30B549466} = {F2C0106C-CD1C-37B2-9958-51B30B549466}
		{9B215703-EE1D-30E3-B8E8-A13D9E64366C} = {9B215703-EE1D-30E3-B8E8-A13D9E64366C}
		{0CA11FA3-4177-32C6-8F8E-606D48E1C0FA} = {0CA11FA3-4177-32C6-8F8E-606D48E1C0FA}
		{317731E2-BE3E-3C6A-808D-420914B158BC} = {317731E2-BE3E-3C6A-808D-420914B158BC}
		{230147B4-275A-313D-88AF-1F8E0D90D407} = {230147B4-275A-313D-88AF-1F8E0D90D407}
		{E017F75E-1667-3CA2-8650-2451D17B6624} = {E017F75E-1667-3CA2-8650-2451D17B6624}
		{8FB23769-990F-3014-9D36-CD40B93CF151} = {8FB23769-990F-3014-9D36-CD40B93CF151}
		{5DEAAA38-50DC-3E6B-80E5-CC85E9D8C6F3} = {5DEAAA38-50DC-3E6B-80E5-CC85E9D8C6F3}
		{E33FD526-C525-3920-AAFE-F21B538A8FC3} = {E33FD526-C525-3920-AAFE-F21B538A8FC3}
		{CAF9D8EF-B10F-3A7A-8634-02A3D85C9037} = {CAF9D8EF-B10F-3A7A-8634-02A3D85C9037}
		{C3268267-6D05-38D4-8CAC-ACE9C9A0FE66} = {C3268267-6D05-38D4-8CAC-ACE9C9A0FE66}
		{08C1ED53-9E07-33FD-A1DA-14E3E3379E5D} = {08C1ED53-9E07-33FD-A1DA-14E3E3379E5D}
		{04394192-9684-36EA-A0A6-271E38E475FE} = {04394192-9684-36EA-A0A6-271E38E475FE}
		{24E55B24-9B69-3B4C-A154-75274FA2D4BF} = {24E55B24-9B69-3B4C-A154-75274FA2D4BF}
		{EE3391AF-767A-3372-B35F-0B12C523A5A4} = {EE3391AF-767A-3372-B35F-0B12C523A5A4}
		{F4D68A4C-3BAB-39D4-9986-9DE3B1D435FC} = {F4D68A4C-3BAB-39D4-9986-9DE3B1D435FC}
		{87C53249-7477-351A-9A68-49E04635B4A8} = {87C53249-7477-351A-9A68-49E04635B4A8}
		{21815CC3-209B-3B98-9717-F7FEFF8E2A93} = {21815CC3-209B-3B98-9717-F7FEFF8E2A93}
		{7C13A1ED-2DD7-3D53-A734-DA241D7E97F0} = {7C13A1ED-2DD7-3D53-A734-DA241D7E97F0}
		{752FB267-BF18-36BE-BB74-BD696BEED6FB} = {752FB267-BF18-36BE-BB74-BD696BEED6FB}
		{AF458A48-F745-3F58-8165-06A6FA9B8CB3} = {AF458A48-F745-3F58-8165-06A6FA9B8CB3}
		{6A505884-3ED7-3263-A6B9-846001B96758} = {6A505884-3ED7-3263-A6B9-846001B96758}
		{CA82F500-BB47-32F2-B124-766849A91C62} = {CA82F500-BB47-32F2-B124-766849A91C62}
		{767A9EC5-43FE-3B8C-A804-C72AE012B849} = {767A9EC5-43FE-3B8C-A804-C72AE012B849}
		{B1AB8A27-5236-3CF9-A918-03708D919AB7} = {B1AB8A27-5236-3CF9-A918-03708D919AB7}
		{8D060883-6201-3EE3-BEC1-A363E4D880F9} = {8D060883-6201-3EE3-BEC1-A363E4D880F9}
		{2717D0A6-E283-3316-9505-00D1DC02BF60} = {2717D0A6-E283-3316-9505-00D1DC02BF60}
		{CC435B73-6AA6-3F1B-832D-AD0799FD3AB9} = {CC435B73-6AA6-3F1B-832D-AD0799FD3AB9}
		{CF455D58-1066-3256-A32B-BEE10FC63603} = {CF455D58-1066-3256-A32B-BEE10FC63603}
	EndProjectSection
EndProject
Project("{8BC9CEB8-8B4A-11D0-8D11-00A0C91BC942}") = "INSTALL", "INSTALL.vcxproj", "{AA9386EC-3ED8-363C-B589-278C5D4D9B4A}"
	ProjectSection(ProjectDependencies) = postProject
		{DDF6C7BA-440C-3210-844D-7C45AD512A39} = {DDF6C7BA-440C-3210-844D-7C45AD512A39}
		{9B7133AD-54DD-3482-AABF-7314E44DBA58} = {9B7133AD-54DD-3482-AABF-7314E44DBA58}
	EndProjectSection
EndProject
Project("{8BC9CEB8-8B4A-11D0-8D11-00A0C91BC942}") = "ZERO_CHECK", "ZERO_CHECK.vcxproj", "{9B7133AD-54DD-3482-AABF-7314E44DBA58}"
	ProjectSection(ProjectDependencies) = postProject
	EndProjectSection
EndProject
Project("{8BC9CEB8-8B4A-11D0-8D11-00A0C91BC942}") = "boing", "examples\boing.vcxproj", "{CFA9A490-A6C6-344F-97A7-A10501B3A5F4}"
	ProjectSection(ProjectDependencies) = postProject
		{9B7133AD-54DD-3482-AABF-7314E44DBA58} = {9B7133AD-54DD-3482-AABF-7314E44DBA58}
		{8FB23769-990F-3014-9D36-CD40B93CF151} = {8FB23769-990F-3014-9D36-CD40B93CF151}
	EndProjectSection
EndProject
Project("{8BC9CEB8-8B4A-11D0-8D11-00A0C91BC942}") = "clipboard", "tests\clipboard.vcxproj", "{F2C0106C-CD1C-37B2-9958-51B30B549466}"
	ProjectSection(ProjectDependencies) = postProject
		{9B7133AD-54DD-3482-AABF-7314E44DBA58} = {9B7133AD-54DD-3482-AABF-7314E44DBA58}
		{8FB23769-990F-3014-9D36-CD40B93CF151} = {8FB23769-990F-3014-9D36-CD40B93CF151}
	EndProjectSection
EndProject
Project("{8BC9CEB8-8B4A-11D0-8D11-00A0C91BC942}") = "cursor", "tests\cursor.vcxproj", "{9B215703-EE1D-30E3-B8E8-A13D9E64366C}"
	ProjectSection(ProjectDependencies) = postProject
		{9B7133AD-54DD-3482-AABF-7314E44DBA58} = {9B7133AD-54DD-3482-AABF-7314E44DBA58}
		{8FB23769-990F-3014-9D36-CD40B93CF151} = {8FB23769-990F-3014-9D36-CD40B93CF151}
	EndProjectSection
EndProject
Project("{8BC9CEB8-8B4A-11D0-8D11-00A0C91BC942}") = "empty", "tests\empty.vcxproj", "{0CA11FA3-4177-32C6-8F8E-606D48E1C0FA}"
	ProjectSection(ProjectDependencies) = postProject
		{9B7133AD-54DD-3482-AABF-7314E44DBA58} = {9B7133AD-54DD-3482-AABF-7314E44DBA58}
		{8FB23769-990F-3014-9D36-CD40B93CF151} = {8FB23769-990F-3014-9D36-CD40B93CF151}
	EndProjectSection
EndProject
Project("{8BC9CEB8-8B4A-11D0-8D11-00A0C91BC942}") = "events", "tests\events.vcxproj", "{317731E2-BE3E-3C6A-808D-420914B158BC}"
	ProjectSection(ProjectDependencies) = postProject
		{9B7133AD-54DD-3482-AABF-7314E44DBA58} = {9B7133AD-54DD-3482-AABF-7314E44DBA58}
		{8FB23769-990F-3014-9D36-CD40B93CF151} = {8FB23769-990F-3014-9D36-CD40B93CF151}
	EndProjectSection
EndProject
Project("{8BC9CEB8-8B4A-11D0-8D11-00A0C91BC942}") = "gamma", "tests\gamma.vcxproj", "{230147B4-275A-313D-88AF-1F8E0D90D407}"
	ProjectSection(ProjectDependencies) = postProject
		{9B7133AD-54DD-3482-AABF-7314E44DBA58} = {9B7133AD-54DD-3482-AABF-7314E44DBA58}
		{8FB23769-990F-3014-9D36-CD40B93CF151} = {8FB23769-990F-3014-9D36-CD40B93CF151}
	EndProjectSection
EndProject
Project("{8BC9CEB8-8B4A-11D0-8D11-00A0C91BC942}") = "gears", "examples\gears.vcxproj", "{E017F75E-1667-3CA2-8650-2451D17B6624}"
	ProjectSection(ProjectDependencies) = postProject
		{9B7133AD-54DD-3482-AABF-7314E44DBA58} = {9B7133AD-54DD-3482-AABF-7314E44DBA58}
		{8FB23769-990F-3014-9D36-CD40B93CF151} = {8FB23769-990F-3014-9D36-CD40B93CF151}
	EndProjectSection
EndProject
Project("{8BC9CEB8-8B4A-11D0-8D11-00A0C91BC942}") = "glfw", "src\glfw.vcxproj", "{8FB23769-990F-3014-9D36-CD40B93CF151}"
	ProjectSection(ProjectDependencies) = postProject
		{9B7133AD-54DD-3482-AABF-7314E44DBA58} = {9B7133AD-54DD-3482-AABF-7314E44DBA58}
	EndProjectSection
EndProject
Project("{8BC9CEB8-8B4A-11D0-8D11-00A0C91BC942}") = "glfwinfo", "tests\glfwinfo.vcxproj", "{5DEAAA38-50DC-3E6B-80E5-CC85E9D8C6F3}"
	ProjectSection(ProjectDependencies) = postProject
		{9B7133AD-54DD-3482-AABF-7314E44DBA58} = {9B7133AD-54DD-3482-AABF-7314E44DBA58}
		{8FB23769-990F-3014-9D36-CD40B93CF151} = {8FB23769-990F-3014-9D36-CD40B93CF151}
	EndProjectSection
EndProject
Project("{8BC9CEB8-8B4A-11D0-8D11-00A0C91BC942}") = "heightmap", "examples\heightmap.vcxproj", "{E33FD526-C525-3920-AAFE-F21B538A8FC3}"
	ProjectSection(ProjectDependencies) = postProject
		{9B7133AD-54DD-3482-AABF-7314E44DBA58} = {9B7133AD-54DD-3482-AABF-7314E44DBA58}
		{8FB23769-990F-3014-9D36-CD40B93CF151} = {8FB23769-990F-3014-9D36-CD40B93CF151}
	EndProjectSection
EndProject
Project("{8BC9CEB8-8B4A-11D0-8D11-00A0C91BC942}") = "icon", "tests\icon.vcxproj", "{CAF9D8EF-B10F-3A7A-8634-02A3D85C9037}"
	ProjectSection(ProjectDependencies) = postProject
		{9B7133AD-54DD-3482-AABF-7314E44DBA58} = {9B7133AD-54DD-3482-AABF-7314E44DBA58}
		{8FB23769-990F-3014-9D36-CD40B93CF151} = {8FB23769-990F-3014-9D36-CD40B93CF151}
	EndProjectSection
EndProject
Project("{8BC9CEB8-8B4A-11D0-8D11-00A0C91BC942}") = "iconify", "tests\iconify.vcxproj", "{C3268267-6D05-38D4-8CAC-ACE9C9A0FE66}"
	ProjectSection(ProjectDependencies) = postProject
		{9B7133AD-54DD-3482-AABF-7314E44DBA58} = {9B7133AD-54DD-3482-AABF-7314E44DBA58}
		{8FB23769-990F-3014-9D36-CD40B93CF151} = {8FB23769-990F-3014-9D36-CD40B93CF151}
	EndProjectSection
EndProject
Project("{8BC9CEB8-8B4A-11D0-8D11-00A0C91BC942}") = "inputlag", "tests\inputlag.vcxproj", "{08C1ED53-9E07-33FD-A1DA-14E3E3379E5D}"
	ProjectSection(ProjectDependencies) = postProject
		{9B7133AD-54DD-3482-AABF-7314E44DBA58} = {9B7133AD-54DD-3482-AABF-7314E44DBA58}
		{8FB23769-990F-3014-9D36-CD40B93CF151} = {8FB23769-990F-3014-9D36-CD40B93CF151}
	EndProjectSection
EndProject
Project("{8BC9CEB8-8B4A-11D0-8D11-00A0C91BC942}") = "joysticks", "tests\joysticks.vcxproj", "{04394192-9684-36EA-A0A6-271E38E475FE}"
	ProjectSection(ProjectDependencies) = postProject
		{9B7133AD-54DD-3482-AABF-7314E44DBA58} = {9B7133AD-54DD-3482-AABF-7314E44DBA58}
		{8FB23769-990F-3014-9D36-CD40B93CF151} = {8FB23769-990F-3014-9D36-CD40B93CF151}
	EndProjectSection
EndProject
Project("{8BC9CEB8-8B4A-11D0-8D11-00A0C91BC942}") = "monitors", "tests\monitors.vcxproj", "{24E55B24-9B69-3B4C-A154-75274FA2D4BF}"
	ProjectSection(ProjectDependencies) = postProject
		{9B7133AD-54DD-3482-AABF-7314E44DBA58} = {9B7133AD-54DD-3482-AABF-7314E44DBA58}
		{8FB23769-990F-3014-9D36-CD40B93CF151} = {8FB23769-990F-3014-9D36-CD40B93CF151}
	EndProjectSection
EndProject
Project("{8BC9CEB8-8B4A-11D0-8D11-00A0C91BC942}") = "msaa", "tests\msaa.vcxproj", "{EE3391AF-767A-3372-B35F-0B12C523A5A4}"
	ProjectSection(ProjectDependencies) = postProject
		{9B7133AD-54DD-3482-AABF-7314E44DBA58} = {9B7133AD-54DD-3482-AABF-7314E44DBA58}
		{8FB23769-990F-3014-9D36-CD40B93CF151} = {8FB23769-990F-3014-9D36-CD40B93CF151}
	EndProjectSection
EndProject
Project("{8BC9CEB8-8B4A-11D0-8D11-00A0C91BC942}") = "offscreen", "examples\offscreen.vcxproj", "{F4D68A4C-3BAB-39D4-9986-9DE3B1D435FC}"
	ProjectSection(ProjectDependencies) = postProject
		{9B7133AD-54DD-3482-AABF-7314E44DBA58} = {9B7133AD-54DD-3482-AABF-7314E44DBA58}
		{8FB23769-990F-3014-9D36-CD40B93CF151} = {8FB23769-990F-3014-9D36-CD40B93CF151}
	EndProjectSection
EndProject
Project("{8BC9CEB8-8B4A-11D0-8D11-00A0C91BC942}") = "particles", "examples\particles.vcxproj", "{87C53249-7477-351A-9A68-49E04635B4A8}"
	ProjectSection(ProjectDependencies) = postProject
		{9B7133AD-54DD-3482-AABF-7314E44DBA58} = {9B7133AD-54DD-3482-AABF-7314E44DBA58}
		{8FB23769-990F-3014-9D36-CD40B93CF151} = {8FB23769-990F-3014-9D36-CD40B93CF151}
	EndProjectSection
EndProject
Project("{8BC9CEB8-8B4A-11D0-8D11-00A0C91BC942}") = "reopen", "tests\reopen.vcxproj", "{21815CC3-209B-3B98-9717-F7FEFF8E2A93}"
	ProjectSection(ProjectDependencies) = postProject
		{9B7133AD-54DD-3482-AABF-7314E44DBA58} = {9B7133AD-54DD-3482-AABF-7314E44DBA58}
		{8FB23769-990F-3014-9D36-CD40B93CF151} = {8FB23769-990F-3014-9D36-CD40B93CF151}
	EndProjectSection
EndProject
Project("{8BC9CEB8-8B4A-11D0-8D11-00A0C91BC942}") = "sharing", "examples\sharing.vcxproj", "{7C13A1ED-2DD7-3D53-A734-DA241D7E97F0}"
	ProjectSection(ProjectDependencies) = postProject
		{9B7133AD-54DD-3482-AABF-7314E44DBA58} = {9B7133AD-54DD-3482-AABF-7314E44DBA58}
		{8FB23769-990F-3014-9D36-CD40B93CF151} = {8FB23769-990F-3014-9D36-CD40B93CF151}
	EndProjectSection
EndProject
Project("{8BC9CEB8-8B4A-11D0-8D11-00A0C91BC942}") = "splitview", "examples\splitview.vcxproj", "{752FB267-BF18-36BE-BB74-BD696BEED6FB}"
	ProjectSection(ProjectDependencies) = postProject
		{9B7133AD-54DD-3482-AABF-7314E44DBA58} = {9B7133AD-54DD-3482-AABF-7314E44DBA58}
		{8FB23769-990F-3014-9D36-CD40B93CF151} = {8FB23769-990F-3014-9D36-CD40B93CF151}
	EndProjectSection
EndProject
Project("{8BC9CEB8-8B4A-11D0-8D11-00A0C91BC942}") = "tearing", "tests\tearing.vcxproj", "{AF458A48-F745-3F58-8165-06A6FA9B8CB3}"
	ProjectSection(ProjectDependencies) = postProject
		{9B7133AD-54DD-3482-AABF-7314E44DBA58} = {9B7133AD-54DD-3482-AABF-7314E44DBA58}
		{8FB23769-990F-3014-9D36-CD40B93CF151} = {8FB23769-990F-3014-9D36-CD40B93CF151}
	EndProjectSection
EndProject
Project("{8BC9CEB8-8B4A-11D0-8D11-00A0C91BC942}") = "threads", "tests\threads.vcxproj", "{6A505884-3ED7-3263-A6B9-846001B96758}"
	ProjectSection(ProjectDependencies) = postProject
		{9B7133AD-54DD-3482-AABF-7314E44DBA58} = {9B7133AD-54DD-3482-AABF-7314E44DBA58}
		{8FB23769-990F-3014-9D36-CD40B93CF151} = {8FB23769-990F-3014-9D36-CD40B93CF151}
	EndProjectSection
EndProject
Project("{8BC9CEB8-8B4A-11D0-8D11-00A0C91BC942}") = "timeout", "tests\timeout.vcxproj", "{CA82F500-BB47-32F2-B124-766849A91C62}"
	ProjectSection(ProjectDependencies) = postProject
		{9B7133AD-54DD-3482-AABF-7314E44DBA58} = {9B7133AD-54DD-3482-AABF-7314E44DBA58}
		{8FB23769-990F-3014-9D36-CD40B93CF151} = {8FB23769-990F-3014-9D36-CD40B93CF151}
	EndProjectSection
EndProject
Project("{8BC9CEB8-8B4A-11D0-8D11-00A0C91BC942}") = "title", "tests\title.vcxproj", "{767A9EC5-43FE-3B8C-A804-C72AE012B849}"
	ProjectSection(ProjectDependencies) = postProject
		{9B7133AD-54DD-3482-AABF-7314E44DBA58} = {9B7133AD-54DD-3482-AABF-7314E44DBA58}
		{8FB23769-990F-3014-9D36-CD40B93CF151} = {8FB23769-990F-3014-9D36-CD40B93CF151}
	EndProjectSection
EndProject
Project("{8BC9CEB8-8B4A-11D0-8D11-00A0C91BC942}") = "triangle-opengl", "examples\triangle-opengl.vcxproj", "{B1AB8A27-5236-3CF9-A918-03708D919AB7}"
	ProjectSection(ProjectDependencies) = postProject
		{9B7133AD-54DD-3482-AABF-7314E44DBA58} = {9B7133AD-54DD-3482-AABF-7314E44DBA58}
		{8FB23769-990F-3014-9D36-CD40B93CF151} = {8FB23769-990F-3014-9D36-CD40B93CF151}
	EndProjectSection
EndProject
Project("{8BC9CEB8-8B4A-11D0-8D11-00A0C91BC942}") = "triangle-vulkan", "tests\triangle-vulkan.vcxproj", "{8D060883-6201-3EE3-BEC1-A363E4D880F9}"
	ProjectSection(ProjectDependencies) = postProject
		{9B7133AD-54DD-3482-AABF-7314E44DBA58} = {9B7133AD-54DD-3482-AABF-7314E44DBA58}
		{8FB23769-990F-3014-9D36-CD40B93CF151} = {8FB23769-990F-3014-9D36-CD40B93CF151}
	EndProjectSection
EndProject
Project("{8BC9CEB8-8B4A-11D0-8D11-00A0C91BC942}") = "uninstall", "uninstall.vcxproj", "{6C929102-3BA0-3DDD-8980-325CF389CD3A}"
	ProjectSection(ProjectDependencies) = postProject
		{9B7133AD-54DD-3482-AABF-7314E44DBA58} = {9B7133AD-54DD-3482-AABF-7314E44DBA58}
	EndProjectSection
EndProject
Project("{8BC9CEB8-8B4A-11D0-8D11-00A0C91BC942}") = "wave", "examples\wave.vcxproj", "{2717D0A6-E283-3316-9505-00D1DC02BF60}"
	ProjectSection(ProjectDependencies) = postProject
		{9B7133AD-54DD-3482-AABF-7314E44DBA58} = {9B7133AD-54DD-3482-AABF-7314E44DBA58}
		{8FB23769-990F-3014-9D36-CD40B93CF151} = {8FB23769-990F-3014-9D36-CD40B93CF151}
	EndProjectSection
EndProject
Project("{8BC9CEB8-8B4A-11D0-8D11-00A0C91BC942}") = "window", "tests\window.vcxproj", "{CC435B73-6AA6-3F1B-832D-AD0799FD3AB9}"
	ProjectSection(ProjectDependencies) = postProject
		{9B7133AD-54DD-3482-AABF-7314E44DBA58} = {9B7133AD-54DD-3482-AABF-7314E44DBA58}
		{8FB23769-990F-3014-9D36-CD40B93CF151} = {8FB23769-990F-3014-9D36-CD40B93CF151}
	EndProjectSection
EndProject
Project("{8BC9CEB8-8B4A-11D0-8D11-00A0C91BC942}") = "windows", "examples\windows.vcxproj", "{CF455D58-1066-3256-A32B-BEE10FC63603}"
	ProjectSection(ProjectDependencies) = postProject
		{9B7133AD-54DD-3482-AABF-7314E44DBA58} = {9B7133AD-54DD-3482-AABF-7314E44DBA58}
		{8FB23769-990F-3014-9D36-CD40B93CF151} = {8FB23769-990F-3014-9D36-CD40B93CF151}
	EndProjectSection
EndProject
Global
	GlobalSection(SolutionConfigurationPlatforms) = preSolution
		Debug|x64 = Debug|x64
		Release|x64 = Release|x64
		MinSizeRel|x64 = MinSizeRel|x64
		RelWithDebInfo|x64 = RelWithDebInfo|x64
	EndGlobalSection
	GlobalSection(ProjectConfigurationPlatforms) = postSolution
		{DDF6C7BA-440C-3210-844D-7C45AD512A39}.Debug|x64.ActiveCfg = Debug|x64
		{DDF6C7BA-440C-3210-844D-7C45AD512A39}.Debug|x64.Build.0 = Debug|x64
		{DDF6C7BA-440C-3210-844D-7C45AD512A39}.Release|x64.ActiveCfg = Release|x64
		{DDF6C7BA-440C-3210-844D-7C45AD512A39}.Release|x64.Build.0 = Release|x64
		{DDF6C7BA-440C-3210-844D-7C45AD512A39}.MinSizeRel|x64.ActiveCfg = MinSizeRel|x64
		{DDF6C7BA-440C-3210-844D-7C45AD512A39}.MinSizeRel|x64.Build.0 = MinSizeRel|x64
		{DDF6C7BA-440C-3210-844D-7C45AD512A39}.RelWithDebInfo|x64.ActiveCfg = RelWithDebInfo|x64
		{DDF6C7BA-440C-3210-844D-7C45AD512A39}.RelWithDebInfo|x64.Build.0 = RelWithDebInfo|x64
		{AA9386EC-3ED8-363C-B589-278C5D4D9B4A}.Debug|x64.ActiveCfg = Debug|x64
		{AA9386EC-3ED8-363C-B589-278C5D4D9B4A}.Release|x64.ActiveCfg = Release|x64
		{AA9386EC-3ED8-363C-B589-278C5D4D9B4A}.MinSizeRel|x64.ActiveCfg = MinSizeRel|x64
		{AA9386EC-3ED8-363C-B589-278C5D4D9B4A}.RelWithDebInfo|x64.ActiveCfg = RelWithDebInfo|x64
		{9B7133AD-54DD-3482-AABF-7314E44DBA58}.Debug|x64.ActiveCfg = Debug|x64
		{9B7133AD-54DD-3482-AABF-7314E44DBA58}.Debug|x64.Build.0 = Debug|x64
		{9B7133AD-54DD-3482-AABF-7314E44DBA58}.Release|x64.ActiveCfg = Release|x64
		{9B7133AD-54DD-3482-AABF-7314E44DBA58}.Release|x64.Build.0 = Release|x64
		{9B7133AD-54DD-3482-AABF-7314E44DBA58}.MinSizeRel|x64.ActiveCfg = MinSizeRel|x64
		{9B7133AD-54DD-3482-AABF-7314E44DBA58}.MinSizeRel|x64.Build.0 = MinSizeRel|x64
		{9B7133AD-54DD-3482-AABF-7314E44DBA58}.RelWithDebInfo|x64.ActiveCfg = RelWithDebInfo|x64
		{9B7133AD-54DD-3482-AABF-7314E44DBA58}.RelWithDebInfo|x64.Build.0 = RelWithDebInfo|x64
		{CFA9A490-A6C6-344F-97A7-A10501B3A5F4}.Debug|x64.ActiveCfg = Debug|x64
		{CFA9A490-A6C6-344F-97A7-A10501B3A5F4}.Debug|x64.Build.0 = Debug|x64
		{CFA9A490-A6C6-344F-97A7-A10501B3A5F4}.Release|x64.ActiveCfg = Release|x64
		{CFA9A490-A6C6-344F-97A7-A10501B3A5F4}.Release|x64.Build.0 = Release|x64
		{CFA9A490-A6C6-344F-97A7-A10501B3A5F4}.MinSizeRel|x64.ActiveCfg = MinSizeRel|x64
		{CFA9A490-A6C6-344F-97A7-A10501B3A5F4}.MinSizeRel|x64.Build.0 = MinSizeRel|x64
		{CFA9A490-A6C6-344F-97A7-A10501B3A5F4}.RelWithDebInfo|x64.ActiveCfg = RelWithDebInfo|x64
		{CFA9A490-A6C6-344F-97A7-A10501B3A5F4}.RelWithDebInfo|x64.Build.0 = RelWithDebInfo|x64
		{F2C0106C-CD1C-37B2-9958-51B30B549466}.Debug|x64.ActiveCfg = Debug|x64
		{F2C0106C-CD1C-37B2-9958-51B30B549466}.Debug|x64.Build.0 = Debug|x64
		{F2C0106C-CD1C-37B2-9958-51B30B549466}.Release|x64.ActiveCfg = Release|x64
		{F2C0106C-CD1C-37B2-9958-51B30B549466}.Release|x64.Build.0 = Release|x64
		{F2C0106C-CD1C-37B2-9958-51B30B549466}.MinSizeRel|x64.ActiveCfg = MinSizeRel|x64
		{F2C0106C-CD1C-37B2-9958-51B30B549466}.MinSizeRel|x64.Build.0 = MinSizeRel|x64
		{F2C0106C-CD1C-37B2-9958-51B30B549466}.RelWithDebInfo|x64.ActiveCfg = RelWithDebInfo|x64
		{F2C0106C-CD1C-37B2-9958-51B30B549466}.RelWithDebInfo|x64.Build.0 = RelWithDebInfo|x64
		{9B215703-EE1D-30E3-B8E8-A13D9E64366C}.Debug|x64.ActiveCfg = Debug|x64
		{9B215703-EE1D-30E3-B8E8-A13D9E64366C}.Debug|x64.Build.0 = Debug|x64
		{9B215703-EE1D-30E3-B8E8-A13D9E64366C}.Release|x64.ActiveCfg = Release|x64
		{9B215703-EE1D-30E3-B8E8-A13D9E64366C}.Release|x64.Build.0 = Release|x64
		{9B215703-EE1D-30E3-B8E8-A13D9E64366C}.MinSizeRel|x64.ActiveCfg = MinSizeRel|x64
		{9B215703-EE1D-30E3-B8E8-A13D9E64366C}.MinSizeRel|x64.Build.0 = MinSizeRel|x64
		{9B215703-EE1D-30E3-B8E8-A13D9E64366C}.RelWithDebInfo|x64.ActiveCfg = RelWithDebInfo|x64
		{9B215703-EE1D-30E3-B8E8-A13D9E64366C}.RelWithDebInfo|x64.Build.0 = RelWithDebInfo|x64
		{0CA11FA3-4177-32C6-8F8E-606D48E1C0FA}.Debug|x64.ActiveCfg = Debug|x64
		{0CA11FA3-4177-32C6-8F8E-606D48E1C0FA}.Debug|x64.Build.0 = Debug|x64
		{0CA11FA3-4177-32C6-8F8E-606D48E1C0FA}.Release|x64.ActiveCfg = Release|x64
		{0CA11FA3-4177-32C6-8F8E-606D48E1C0FA}.Release|x64.Build.0 = Release|x64
		{0CA11FA3-4177-32C6-8F8E-606D48E1C0FA}.MinSizeRel|x64.ActiveCfg = MinSizeRel|x64
		{0CA11FA3-4177-32C6-8F8E-606D48E1C0FA}.MinSizeRel|x64.Build.0 = MinSizeRel|x64
		{0CA11FA3-4177-32C6-8F8E-606D48E1C0FA}.RelWithDebInfo|x64.ActiveCfg = RelWithDebInfo|x64
		{0CA11FA3-4177-32C6-8F8E-606D48E1C0FA}.RelWithDebInfo|x64.Build.0 = RelWithDebInfo|x64
		{317731E2-BE3E-3C6A-808D-420914B158BC}.Debug|x64.ActiveCfg = Debug|x64
		{317731E2-BE3E-3C6A-808D-420914B158BC}.Debug|x64.Build.0 = Debug|x64
		{317731E2-BE3E-3C6A-808D-420914B158BC}.Release|x64.ActiveCfg = Release|x64
		{317731E2-BE3E-3C6A-808D-420914B158BC}.Release|x64.Build.0 = Release|x64
		{317731E2-BE3E-3C6A-808D-420914B158BC}.MinSizeRel|x64.ActiveCfg = MinSizeRel|x64
		{317731E2-BE3E-3C6A-808D-420914B158BC}.MinSizeRel|x64.Build.0 = MinSizeRel|x64
		{317731E2-BE3E-3C6A-808D-420914B158BC}.RelWithDebInfo|x64.ActiveCfg = RelWithDebInfo|x64
		{317731E2-BE3E-3C6A-808D-420914B158BC}.RelWithDebInfo|x64.Build.0 = RelWithDebInfo|x64
		{230147B4-275A-313D-88AF-1F8E0D90D407}.Debug|x64.ActiveCfg = Debug|x64
		{230147B4-275A-313D-88AF-1F8E0D90D407}.Debug|x64.Build.0 = Debug|x64
		{230147B4-275A-313D-88AF-1F8E0D90D407}.Release|x64.ActiveCfg = Release|x64
		{230147B4-275A-313D-88AF-1F8E0D90D407}.Release|x64.Build.0 = Release|x64
		{230147B4-275A-313D-88AF-1F8E0D90D407}.MinSizeRel|x64.ActiveCfg = MinSizeRel|x64
		{230147B4-275A-313D-88AF-1F8E0D90D407}.MinSizeRel|x64.Build.0 = MinSizeRel|x64
		{230147B4-275A-313D-88AF-1F8E0D90D407}.RelWithDebInfo|x64.ActiveCfg = RelWithDebInfo|x64
		{230147B4-275A-313D-88AF-1F8E0D90D407}.RelWithDebInfo|x64.Build.0 = RelWithDebInfo|x64
		{E017F75E-1667-3CA2-8650-2451D17B6624}.Debug|x64.ActiveCfg = Debug|x64
		{E017F75E-1667-3CA2-8650-2451D17B6624}.Debug|x64.Build.0 = Debug|x64
		{E017F75E-1667-3CA2-8650-2451D17B6624}.Release|x64.ActiveCfg = Release|x64
		{E017F75E-1667-3CA2-8650-2451D17B6624}.Release|x64.Build.0 = Release|x64
		{E017F75E-1667-3CA2-8650-2451D17B6624}.MinSizeRel|x64.ActiveCfg = MinSizeRel|x64
		{E017F75E-1667-3CA2-8650-2451D17B6624}.MinSizeRel|x64.Build.0 = MinSizeRel|x64
		{E017F75E-1667-3CA2-8650-2451D17B6624}.RelWithDebInfo|x64.ActiveCfg = RelWithDebInfo|x64
		{E017F75E-1667-3CA2-8650-2451D17B6624}.RelWithDebInfo|x64.Build.0 = RelWithDebInfo|x64
		{8FB23769-990F-3014-9D36-CD40B93CF151}.Debug|x64.ActiveCfg = Debug|x64
		{8FB23769-990F-3014-9D36-CD40B93CF151}.Debug|x64.Build.0 = Debug|x64
		{8FB23769-990F-3014-9D36-CD40B93CF151}.Release|x64.ActiveCfg = Release|x64
		{8FB23769-990F-3014-9D36-CD40B93CF151}.Release|x64.Build.0 = Release|x64
		{8FB23769-990F-3014-9D36-CD40B93CF151}.MinSizeRel|x64.ActiveCfg = MinSizeRel|x64
		{8FB23769-990F-3014-9D36-CD40B93CF151}.MinSizeRel|x64.Build.0 = MinSizeRel|x64
		{8FB23769-990F-3014-9D36-CD40B93CF151}.RelWithDebInfo|x64.ActiveCfg = RelWithDebInfo|x64
		{8FB23769-990F-3014-9D36-CD40B93CF151}.RelWithDebInfo|x64.Build.0 = RelWithDebInfo|x64
		{5DEAAA38-50DC-3E6B-80E5-CC85E9D8C6F3}.Debug|x64.ActiveCfg = Debug|x64
		{5DEAAA38-50DC-3E6B-80E5-CC85E9D8C6F3}.Debug|x64.Build.0 = Debug|x64
		{5DEAAA38-50DC-3E6B-80E5-CC85E9D8C6F3}.Release|x64.ActiveCfg = Release|x64
		{5DEAAA38-50DC-3E6B-80E5-CC85E9D8C6F3}.Release|x64.Build.0 = Release|x64
		{5DEAAA38-50DC-3E6B-80E5-CC85E9D8C6F3}.MinSizeRel|x64.ActiveCfg = MinSizeRel|x64
		{5DEAAA38-50DC-3E6B-80E5-CC85E9D8C6F3}.MinSizeRel|x64.Build.0 = MinSizeRel|x64
		{5DEAAA38-50DC-3E6B-80E5-CC85E9D8C6F3}.RelWithDebInfo|x64.ActiveCfg = RelWithDebInfo|x64
		{5DEAAA38-50DC-3E6B-80E5-CC85E9D8C6F3}.RelWithDebInfo|x64.Build.0 = RelWithDebInfo|x64
		{E33FD526-C525-3920-AAFE-F21B538A8FC3}.Debug|x64.ActiveCfg = Debug|x64
		{E33FD526-C525-3920-AAFE-F21B538A8FC3}.Debug|x64.Build.0 = Debug|x64
		{E33FD526-C525-3920-AAFE-F21B538A8FC3}.Release|x64.ActiveCfg = Release|x64
		{E33FD526-C525-3920-AAFE-F21B538A8FC3}.Release|x64.Build.0 = Release|x64
		{E33FD526-C525-3920-AAFE-F21B538A8FC3}.MinSizeRel|x64.ActiveCfg = MinSizeRel|x64
		{E33FD526-C525-3920-AAFE-F21B538A8FC3}.MinSizeRel|x64.Build.0 = MinSizeRel|x64
		{E33FD526-C525-3920-AAFE-F21B538A8FC3}.RelWithDebInfo|x64.ActiveCfg = RelWithDebInfo|x64
		{E33FD526-C525-3920-AAFE-F21B538A8FC3}.RelWithDebInfo|x64.Build.0 = RelWithDebInfo|x64
		{CAF9D8EF-B10F-3A7A-8634-02A3D85C9037}.Debug|x64.ActiveCfg = Debug|x64
		{CAF9D8EF-B10F-3A7A-8634-02A3D85C9037}.Debug|x64.Build.0 = Debug|x64
		{CAF9D8EF-B10F-3A7A-8634-02A3D85C9037}.Release|x64.ActiveCfg = Release|x64
		{CAF9D8EF-B10F-3A7A-8634-02A3D85C9037}.Release|x64.Build.0 = Release|x64
		{CAF9D8EF-B10F-3A7A-8634-02A3D85C9037}.MinSizeRel|x64.ActiveCfg = MinSizeRel|x64
		{CAF9D8EF-B10F-3A7A-8634-02A3D85C9037}.MinSizeRel|x64.Build.0 = MinSizeRel|x64
		{CAF9D8EF-B10F-3A7A-8634-02A3D85C9037}.RelWithDebInfo|x64.ActiveCfg = RelWithDebInfo|x64
		{CAF9D8EF-B10F-3A7A-8634-02A3D85C9037}.RelWithDebInfo|x64.Build.0 = RelWithDebInfo|x64
		{C3268267-6D05-38D4-8CAC-ACE9C9A0FE66}.Debug|x64.ActiveCfg = Debug|x64
		{C3268267-6D05-38D4-8CAC-ACE9C9A0FE66}.Debug|x64.Build.0 = Debug|x64
		{C3268267-6D05-38D4-8CAC-ACE9C9A0FE66}.Release|x64.ActiveCfg = Release|x64
		{C3268267-6D05-38D4-8CAC-ACE9C9A0FE66}.Release|x64.Build.0 = Release|x64
		{C3268267-6D05-38D4-8CAC-ACE9C9A0FE66}.MinSizeRel|x64.ActiveCfg = MinSizeRel|x64
		{C3268267-6D05-38D4-8CAC-ACE9C9A0FE66}.MinSizeRel|x64.Build.0 = MinSizeRel|x64
		{C3268267-6D05-38D4-8CAC-ACE9C9A0FE66}.RelWithDebInfo|x64.ActiveCfg = RelWithDebInfo|x64
		{C3268267-6D05-38D4-8CAC-ACE9C9A0FE66}.RelWithDebInfo|x64.Build.0 = RelWithDebInfo|x64
		{08C1ED53-9E07-33FD-A1DA-14E3E3379E5D}.Debug|x64.ActiveCfg = Debug|x64
		{08C1ED53-9E07-33FD-A1DA-14E3E3379E5D}.Debug|x64.Build.0 = Debug|x64
		{08C1ED53-9E07-33FD-A1DA-14E3E3379E5D}.Release|x64.ActiveCfg = Release|x64
		{08C1ED53-9E07-33FD-A1DA-14E3E3379E5D}.Release|x64.Build.0 = Release|x64
		{08C1ED53-9E07-33FD-A1DA-14E3E3379E5D}.MinSizeRel|x64.ActiveCfg = MinSizeRel|x64
		{08C1ED53-9E07-33FD-A1DA-14E3E3379E5D}.MinSizeRel|x64.Build.0 = MinSizeRel|x64
		{08C1ED53-9E07-33FD-A1DA-14E3E3379E5D}.RelWithDebInfo|x64.ActiveCfg = RelWithDebInfo|x64
		{08C1ED53-9E07-33FD-A1DA-14E3E3379E5D}.RelWithDebInfo|x64.Build.0 = RelWithDebInfo|x64
		{04394192-9684-36EA-A0A6-271E38E475FE}.Debug|x64.ActiveCfg = Debug|x64
		{04394192-9684-36EA-A0A6-271E38E475FE}.Debug|x64.Build.0 = Debug|x64
		{04394192-9684-36EA-A0A6-271E38E475FE}.Release|x64.ActiveCfg = Release|x64
		{04394192-9684-36EA-A0A6-271E38E475FE}.Release|x64.Build.0 = Release|x64
		{04394192-9684-36EA-A0A6-271E38E475FE}.MinSizeRel|x64.ActiveCfg = MinSizeRel|x64
		{04394192-9684-36EA-A0A6-271E38E475FE}.MinSizeRel|x64.Build.0 = MinSizeRel|x64
		{04394192-9684-36EA-A0A6-271E38E475FE}.RelWithDebInfo|x64.ActiveCfg = RelWithDebInfo|x64
		{04394192-9684-36EA-A0A6-271E38E475FE}.RelWithDebInfo|x64.Build.0 = RelWithDebInfo|x64
		{24E55B24-9B69-3B4C-A154-75274FA2D4BF}.Debug|x64.ActiveCfg = Debug|x64
		{24E55B24-9B69-3B4C-A154-75274FA2D4BF}.Debug|x64.Build.0 = Debug|x64
		{24E55B24-9B69-3B4C-A154-75274FA2D4BF}.Release|x64.ActiveCfg = Release|x64
		{24E55B24-9B69-3B4C-A154-75274FA2D4BF}.Release|x64.Build.0 = Release|x64
		{24E55B24-9B69-3B4C-A154-75274FA2D4BF}.MinSizeRel|x64.ActiveCfg = MinSizeRel|x64
		{24E55B24-9B69-3B4C-A154-75274FA2D4BF}.MinSizeRel|x64.Build.0 = MinSizeRel|x64
		{24E55B24-9B69-3B4C-A154-75274FA2D4BF}.RelWithDebInfo|x64.ActiveCfg = RelWithDebInfo|x64
		{24E55B24-9B69-3B4C-A154-75274FA2D4BF}.RelWithDebInfo|x64.Build.0 = RelWithDebInfo|x64
		{EE3391AF-767A-3372-B35F-0B12C523A5A4}.Debug|x64.ActiveCfg = Debug|x64
		{EE3391AF-767A-3372-B35F-0B12C523A5A4}.Debug|x64.Build.0 = Debug|x64
		{EE3391AF-767A-3372-B35F-0B12C523A5A4}.Release|x64.ActiveCfg = Release|x64
		{EE3391AF-767A-3372-B35F-0B12C523A5A4}.Release|x64.Build.0 = Release|x64
		{EE3391AF-767A-3372-B35F-0B12C523A5A4}.MinSizeRel|x64.ActiveCfg = MinSizeRel|x64
		{EE3391AF-767A-3372-B35F-0B12C523A5A4}.MinSizeRel|x64.Build.0 = MinSizeRel|x64
		{EE3391AF-767A-3372-B35F-0B12C523A5A4}.RelWithDebInfo|x64.ActiveCfg = RelWithDebInfo|x64
		{EE3391AF-767A-3372-B35F-0B12C523A5A4}.RelWithDebInfo|x64.Build.0 = RelWithDebInfo|x64
		{F4D68A4C-3BAB-39D4-9986-9DE3B1D435FC}.Debug|x64.ActiveCfg = Debug|x64
		{F4D68A4C-3BAB-39D4-9986-9DE3B1D435FC}.Debug|x64.Build.0 = Debug|x64
		{F4D68A4C-3BAB-39D4-9986-9DE3B1D435FC}.Release|x64.ActiveCfg = Release|x64
		{F4D68A4C-3BAB-39D4-9986-9DE3B1D435FC}.Release|x64.Build.0 = Release|x64
		{F4D68A4C-3BAB-39D4-9986-9DE3B1D435FC}.MinSizeRel|x64.ActiveCfg = MinSizeRel|x64
		{F4D68A4C-3BAB-39D4-9986-9DE3B1D435FC}.MinSizeRel|x64.Build.0 = MinSizeRel|x64
		{F4D68A4C-3BAB-39D4-9986-9DE3B1D435FC}.RelWithDebInfo|x64.ActiveCfg = RelWithDebInfo|x64
		{F4D68A4C-3BAB-39D4-9986-9DE3B1D435FC}.RelWithDebInfo|x64.Build.0 = RelWithDebInfo|x64
		{87C53249-7477-351A-9A68-49E04635B4A8}.Debug|x64.ActiveCfg = Debug|x64
		{87C53249-7477-351A-9A68-49E04635B4A8}.Debug|x64.Build.0 = Debug|x64
		{87C53249-7477-351A-9A68-49E04635B4A8}.Release|x64.ActiveCfg = Release|x64
		{87C53249-7477-351A-9A68-49E04635B4A8}.Release|x64.Build.0 = Release|x64
		{87C53249-7477-351A-9A68-49E04635B4A8}.MinSizeRel|x64.ActiveCfg = MinSizeRel|x64
		{87C53249-7477-351A-9A68-49E04635B4A8}.MinSizeRel|x64.Build.0 = MinSizeRel|x64
		{87C53249-7477-351A-9A68-49E04635B4A8}.RelWithDebInfo|x64.ActiveCfg = RelWithDebInfo|x64
		{87C53249-7477-351A-9A68-49E04635B4A8}.RelWithDebInfo|x64.Build.0 = RelWithDebInfo|x64
		{21815CC3-209B-3B98-9717-F7FEFF8E2A93}.Debug|x64.ActiveCfg = Debug|x64
		{21815CC3-209B-3B98-9717-F7FEFF8E2A93}.Debug|x64.Build.0 = Debug|x64
		{21815CC3-209B-3B98-9717-F7FEFF8E2A93}.Release|x64.ActiveCfg = Release|x64
		{21815CC3-209B-3B98-9717-F7FEFF8E2A93}.Release|x64.Build.0 = Release|x64
		{21815CC3-209B-3B98-9717-F7FEFF8E2A93}.MinSizeRel|x64.ActiveCfg = MinSizeRel|x64
		{21815CC3-209B-3B98-9717-F7FEFF8E2A93}.MinSizeRel|x64.Build.0 = MinSizeRel|x64
		{21815CC3-209B-3B98-9717-F7FEFF8E2A93}.RelWithDebInfo|x64.ActiveCfg = RelWithDebInfo|x64
		{21815CC3-209B-3B98-9717-F7FEFF8E2A93}.RelWithDebInfo|x64.Build.0 = RelWithDebInfo|x64
		{7C13A1ED-2DD7-3D53-A734-DA241D7E97F0}.Debug|x64.ActiveCfg = Debug|x64
		{7C13A1ED-2DD7-3D53-A734-DA241D7E97F0}.Debug|x64.Build.0 = Debug|x64
		{7C13A1ED-2DD7-3D53-A734-DA241D7E97F0}.Release|x64.ActiveCfg = Release|x64
		{7C13A1ED-2DD7-3D53-A734-DA241D7E97F0}.Release|x64.Build.0 = Release|x64
		{7C13A1ED-2DD7-3D53-A734-DA241D7E97F0}.MinSizeRel|x64.ActiveCfg = MinSizeRel|x64
		{7C13A1ED-2DD7-3D53-A734-DA241D7E97F0}.MinSizeRel|x64.Build.0 = MinSizeRel|x64
		{7C13A1ED-2DD7-3D53-A734-DA241D7E97F0}.RelWithDebInfo|x64.ActiveCfg = RelWithDebInfo|x64
		{7C13A1ED-2DD7-3D53-A734-DA241D7E97F0}.RelWithDebInfo|x64.Build.0 = RelWithDebInfo|x64
		{752FB267-BF18-36BE-BB74-BD696BEED6FB}.Debug|x64.ActiveCfg = Debug|x64
		{752FB267-BF18-36BE-BB74-BD696BEED6FB}.Debug|x64.Build.0 = Debug|x64
		{752FB267-BF18-36BE-BB74-BD696BEED6FB}.Release|x64.ActiveCfg = Release|x64
		{752FB267-BF18-36BE-BB74-BD696BEED6FB}.Release|x64.Build.0 = Release|x64
		{752FB267-BF18-36BE-BB74-BD696BEED6FB}.MinSizeRel|x64.ActiveCfg = MinSizeRel|x64
		{752FB267-BF18-36BE-BB74-BD696BEED6FB}.MinSizeRel|x64.Build.0 = MinSizeRel|x64
		{752FB267-BF18-36BE-BB74-BD696BEED6FB}.RelWithDebInfo|x64.ActiveCfg = RelWithDebInfo|x64
		{752FB267-BF18-36BE-BB74-BD696BEED6FB}.RelWithDebInfo|x64.Build.0 = RelWithDebInfo|x64
		{AF458A48-F745-3F58-8165-06A6FA9B8CB3}.Debug|x64.ActiveCfg = Debug|x64
		{AF458A48-F745-3F58-8165-06A6FA9B8CB3}.Debug|x64.Build.0 = Debug|x64
		{AF458A48-F745-3F58-8165-06A6FA9B8CB3}.Release|x64.ActiveCfg = Release|x64
		{AF458A48-F745-3F58-8165-06A6FA9B8CB3}.Release|x64.Build.0 = Release|x64
		{AF458A48-F745-3F58-8165-06A6FA9B8CB3}.MinSizeRel|x64.ActiveCfg = MinSizeRel|x64
		{AF458A48-F745-3F58-8165-06A6FA9B8CB3}.MinSizeRel|x64.Build.0 = MinSizeRel|x64
		{AF458A48-F745-3F58-8165-06A6FA9B8CB3}.RelWithDebInfo|x64.ActiveCfg = RelWithDebInfo|x64
		{AF458A48-F745-3F58-8165-06A6FA9B8CB3}.RelWithDebInfo|x64.Build.0 = RelWithDebInfo|x64
		{6A505884-3ED7-3263-A6B9-846001B96758}.Debug|x64.ActiveCfg = Debug|x64
		{6A505884-3ED7-3263-A6B9-846001B96758}.Debug|x64.Build.0 = Debug|x64
		{6A505884-3ED7-3263-A6B9-846001B96758}.Release|x64.ActiveCfg = Release|x64
		{6A505884-3ED7-3263-A6B9-846001B96758}.Release|x64.Build.0 = Release|x64
		{6A505884-3ED7-3263-A6B9-846001B96758}.MinSizeRel|x64.ActiveCfg = MinSizeRel|x64
		{6A505884-3ED7-3263-A6B9-846001B96758}.MinSizeRel|x64.Build.0 = MinSizeRel|x64
		{6A505884-3ED7-3263-A6B9-846001B96758}.RelWithDebInfo|x64.ActiveCfg = RelWithDebInfo|x64
		{6A505884-3ED7-3263-A6B9-846001B96758}.RelWithDebInfo|x64.Build.0 = RelWithDebInfo|x64
		{CA82F500-BB47-32F2-B124-766849A91C62}.Debug|x64.ActiveCfg = Debug|x64
		{CA82F500-BB47-32F2-B124-766849A91C62}.Debug|x64.Build.0 = Debug|x64
		{CA82F500-BB47-32F2-B124-766849A91C62}.Release|x64.ActiveCfg = Release|x64
		{CA82F500-BB47-32F2-B124-766849A91C62}.Release|x64.Build.0 = Release|x64
		{CA82F500-BB47-32F2-B124-766849A91C62}.MinSizeRel|x64.ActiveCfg = MinSizeRel|x64
		{CA82F500-BB47-32F2-B124-766849A91C62}.MinSizeRel|x64.Build.0 = MinSizeRel|x64
		{CA82F500-BB47-32F2-B124-766849A91C62}.RelWithDebInfo|x64.ActiveCfg = RelWithDebInfo|x64
		{CA82F500-BB47-32F2-B124-766849A91C62}.RelWithDebInfo|x64.Build.0 = RelWithDebInfo|x64
		{767A9EC5-43FE-3B8C-A804-C72AE012B849}.Debug|x64.ActiveCfg = Debug|x64
		{767A9EC5-43FE-3B8C-A804-C72AE012B849}.Debug|x64.Build.0 = Debug|x64
		{767A9EC5-43FE-3B8C-A804-C72AE012B849}.Release|x64.ActiveCfg = Release|x64
		{767A9EC5-43FE-3B8C-A804-C72AE012B849}.Release|x64.Build.0 = Release|x64
		{767A9EC5-43FE-3B8C-A804-C72AE012B849}.MinSizeRel|x64.ActiveCfg = MinSizeRel|x64
		{767A9EC5-43FE-3B8C-A804-C72AE012B849}.MinSizeRel|x64.Build.0 = MinSizeRel|x64
		{767A9EC5-43FE-3B8C-A804-C72AE012B849}.RelWithDebInfo|x64.ActiveCfg = RelWithDebInfo|x64
		{767A9EC5-43FE-3B8C-A804-C72AE012B849}.RelWithDebInfo|x64.Build.0 = RelWithDebInfo|x64
		{B1AB8A27-5236-3CF9-A918-03708D919AB7}.Debug|x64.ActiveCfg = Debug|x64
		{B1AB8A27-5236-3CF9-A918-03708D919AB7}.Debug|x64.Build.0 = Debug|x64
		{B1AB8A27-5236-3CF9-A918-03708D919AB7}.Release|x64.ActiveCfg = Release|x64
		{B1AB8A27-5236-3CF9-A918-03708D919AB7}.Release|x64.Build.0 = Release|x64
		{B1AB8A27-5236-3CF9-A918-03708D919AB7}.MinSizeRel|x64.ActiveCfg = MinSizeRel|x64
		{B1AB8A27-5236-3CF9-A918-03708D919AB7}.MinSizeRel|x64.Build.0 = MinSizeRel|x64
		{B1AB8A27-5236-3CF9-A918-03708D919AB7}.RelWithDebInfo|x64.ActiveCfg = RelWithDebInfo|x64
		{B1AB8A27-5236-3CF9-A918-03708D919AB7}.RelWithDebInfo|x64.Build.0 = RelWithDebInfo|x64
		{8D060883-6201-3EE3-BEC1-A363E4D880F9}.Debug|x64.ActiveCfg = Debug|x64
		{8D060883-6201-3EE3-BEC1-A363E4D880F9}.Debug|x64.Build.0 = Debug|x64
		{8D060883-6201-3EE3-BEC1-A363E4D880F9}.Release|x64.ActiveCfg = Release|x64
		{8D060883-6201-3EE3-BEC1-A363E4D880F9}.Release|x64.Build.0 = Release|x64
		{8D060883-6201-3EE3-BEC1-A363E4D880F9}.MinSizeRel|x64.ActiveCfg = MinSizeRel|x64
		{8D060883-6201-3EE3-BEC1-A363E4D880F9}.MinSizeRel|x64.Build.0 = MinSizeRel|x64
		{8D060883-6201-3EE3-BEC1-A363E4D880F9}.RelWithDebInfo|x64.ActiveCfg = RelWithDebInfo|x64
		{8D060883-6201-3EE3-BEC1-A363E4D880F9}.RelWithDebInfo|x64.Build.0 = RelWithDebInfo|x64
		{6C929102-3BA0-3DDD-8980-325CF389CD3A}.Debug|x64.ActiveCfg = Debug|x64
		{6C929102-3BA0-3DDD-8980-325CF389CD3A}.Release|x64.ActiveCfg = Release|x64
		{6C929102-3BA0-3DDD-8980-325CF389CD3A}.MinSizeRel|x64.ActiveCfg = MinSizeRel|x64
		{6C929102-3BA0-3DDD-8980-325CF389CD3A}.RelWithDebInfo|x64.ActiveCfg = RelWithDebInfo|x64
		{2717D0A6-E283-3316-9505-00D1DC02BF60}.Debug|x64.ActiveCfg = Debug|x64
		{2717D0A6-E283-3316-9505-00D1DC02BF60}.Debug|x64.Build.0 = Debug|x64
		{2717D0A6-E283-3316-9505-00D1DC02BF60}.Release|x64.ActiveCfg = Release|x64
		{2717D0A6-E283-3316-9505-00D1DC02BF60}.Release|x64.Build.0 = Release|x64
		{2717D0A6-E283-3316-9505-00D1DC02BF60}.MinSizeRel|x64.ActiveCfg = MinSizeRel|x64
		{2717D0A6-E283-3316-9505-00D1DC02BF60}.MinSizeRel|x64.Build.0 = MinSizeRel|x64
		{2717D0A6-E283-3316-9505-00D1DC02BF60}.RelWithDebInfo|x64.ActiveCfg = RelWithDebInfo|x64
		{2717D0A6-E283-3316-9505-00D1DC02BF60}.RelWithDebInfo|x64.Build.0 = RelWithDebInfo|x64
		{CC435B73-6AA6-3F1B-832D-AD0799FD3AB9}.Debug|x64.ActiveCfg = Debug|x64
		{CC435B73-6AA6-3F1B-832D-AD0799FD3AB9}.Debug|x64.Build.0 = Debug|x64
		{CC435B73-6AA6-3F1B-832D-AD0799FD3AB9}.Release|x64.ActiveCfg = Release|x64
		{CC435B73-6AA6-3F1B-832D-AD0799FD3AB9}.Release|x64.Build.0 = Release|x64
		{CC435B73-6AA6-3F1B-832D-AD0799FD3AB9}.MinSizeRel|x64.ActiveCfg = MinSizeRel|x64
		{CC435B73-6AA6-3F1B-832D-AD0799FD3AB9}.MinSizeRel|x64.Build.0 = MinSizeRel|x64
		{CC435B73-6AA6-3F1B-832D-AD0799FD3AB9}.RelWithDebInfo|x64.ActiveCfg = RelWithDebInfo|x64
		{CC435B73-6AA6-3F1B-832D-AD0799FD3AB9}.RelWithDebInfo|x64.Build.0 = RelWithDebInfo|x64
		{CF455D58-1066-3256-A32B-BEE10FC63603}.Debug|x64.ActiveCfg = Debug|x64
		{CF455D58-1066-3256-A32B-BEE10FC63603}.Debug|x64.Build.0 = Debug|x64
		{CF455D58-1066-3256-A32B-BEE10FC63603}.Release|x64.ActiveCfg = Release|x64
		{CF455D58-1066-3256-A32B-BEE10FC63603}.Release|x64.Build.0 = Release|x64
		{CF455D58-1066-3256-A32B-BEE10FC63603}.MinSizeRel|x64.ActiveCfg = MinSizeRel|x64
		{CF455D58-1066-3256-A32B-BEE10FC63603}.MinSizeRel|x64.Build.0 = MinSizeRel|x64
		{CF455D58-1066-3256-A32B-BEE10FC63603}.RelWithDebInfo|x64.ActiveCfg = RelWithDebInfo|x64
		{CF455D58-1066-3256-A32B-BEE10FC63603}.RelWithDebInfo|x64.Build.0 = RelWithDebInfo|x64
	EndGlobalSection
	GlobalSection(NestedProjects) = preSolution
		{DDF6C7BA-440C-3210-844D-7C45AD512A39} = {D5650C98-9E1B-3733-9E0D-B8DCC5352764}
		{AA9386EC-3ED8-363C-B589-278C5D4D9B4A} = {D5650C98-9E1B-3733-9E0D-B8DCC5352764}
		{9B7133AD-54DD-3482-AABF-7314E44DBA58} = {D5650C98-9E1B-3733-9E0D-B8DCC5352764}
		{D9FDA1BA-1136-3BAD-B3FF-4B550760B459} = {BE257A0C-83D7-3E7A-8CD7-48E1273D2B05}
		{6F6BBA36-9A34-3A2F-BA2C-84766094C9FD} = {BE257A0C-83D7-3E7A-8CD7-48E1273D2B05}
		{8FB23769-990F-3014-9D36-CD40B93CF151} = {BE257A0C-83D7-3E7A-8CD7-48E1273D2B05}
		{6C929102-3BA0-3DDD-8980-325CF389CD3A} = {BE257A0C-83D7-3E7A-8CD7-48E1273D2B05}
		{CFA9A490-A6C6-344F-97A7-A10501B3A5F4} = {D9FDA1BA-1136-3BAD-B3FF-4B550760B459}
		{E017F75E-1667-3CA2-8650-2451D17B6624} = {D9FDA1BA-1136-3BAD-B3FF-4B550760B459}
		{E33FD526-C525-3920-AAFE-F21B538A8FC3} = {D9FDA1BA-1136-3BAD-B3FF-4B550760B459}
		{F4D68A4C-3BAB-39D4-9986-9DE3B1D435FC} = {D9FDA1BA-1136-3BAD-B3FF-4B550760B459}
		{87C53249-7477-351A-9A68-49E04635B4A8} = {D9FDA1BA-1136-3BAD-B3FF-4B550760B459}
		{7C13A1ED-2DD7-3D53-A734-DA241D7E97F0} = {D9FDA1BA-1136-3BAD-B3FF-4B550760B459}
		{752FB267-BF18-36BE-BB74-BD696BEED6FB} = {D9FDA1BA-1136-3BAD-B3FF-4B550760B459}
		{B1AB8A27-5236-3CF9-A918-03708D919AB7} = {D9FDA1BA-1136-3BAD-B3FF-4B550760B459}
		{2717D0A6-E283-3316-9505-00D1DC02BF60} = {D9FDA1BA-1136-3BAD-B3FF-4B550760B459}
		{CF455D58-1066-3256-A32B-BEE10FC63603} = {D9FDA1BA-1136-3BAD-B3FF-4B550760B459}
		{F2C0106C-CD1C-37B2-9958-51B30B549466} = {6F6BBA36-9A34-3A2F-BA2C-84766094C9FD}
		{9B215703-EE1D-30E3-B8E8-A13D9E64366C} = {6F6BBA36-9A34-3A2F-BA2C-84766094C9FD}
		{0CA11FA3-4177-32C6-8F8E-606D48E1C0FA} = {6F6BBA36-9A34-3A2F-BA2C-84766094C9FD}
		{317731E2-BE3E-3C6A-808D-420914B158BC} = {6F6BBA36-9A34-3A2F-BA2C-84766094C9FD}
		{230147B4-275A-313D-88AF-1F8E0D90D407} = {6F6BBA36-9A34-3A2F-BA2C-84766094C9FD}
		{5DEAAA38-50DC-3E6B-80E5-CC85E9D8C6F3} = {6F6BBA36-9A34-3A2F-BA2C-84766094C9FD}
		{CAF9D8EF-B10F-3A7A-8634-02A3D85C9037} = {6F6BBA36-9A34-3A2F-BA2C-84766094C9FD}
		{C3268267-6D05-38D4-8CAC-ACE9C9A0FE66} = {6F6BBA36-9A34-3A2F-BA2C-84766094C9FD}
		{08C1ED53-9E07-33FD-A1DA-14E3E3379E5D} = {6F6BBA36-9A34-3A2F-BA2C-84766094C9FD}
		{04394192-9684-36EA-A0A6-271E38E475FE} = {6F6BBA36-9A34-3A2F-BA2C-84766094C9FD}
		{24E55B24-9B69-3B4C-A154-75274FA2D4BF} = {6F6BBA36-9A34-3A2F-BA2C-84766094C9FD}
		{EE3391AF-767A-3372-B35F-0B12C523A5A4} = {6F6BBA36-9A34-3A2F-BA2C-84766094C9FD}
		{21815CC3-209B-3B98-9717-F7FEFF8E2A93} = {6F6BBA36-9A34-3A2F-BA2C-84766094C9FD}
		{AF458A48-F745-3F58-8165-06A6FA9B8CB3} = {6F6BBA36-9A34-3A2F-BA2C-84766094C9FD}
		{6A505884-3ED7-3263-A6B9-846001B96758} = {6F6BBA36-9A34-3A2F-BA2C-84766094C9FD}
		{CA82F500-BB47-32F2-B124-766849A91C62} = {6F6BBA36-9A34-3A2F-BA2C-84766094C9FD}
		{767A9EC5-43FE-3B8C-A804-C72AE012B849} = {6F6BBA36-9A34-3A2F-BA2C-84766094C9FD}
		{8D060883-6201-3EE3-BEC1-A363E4D880F9} = {6F6BBA36-9A34-3A2F-BA2C-84766094C9FD}
		{CC435B73-6AA6-3F1B-832D-AD0799FD3AB9} = {6F6BBA36-9A34-3A2F-BA2C-84766094C9FD}
	EndGlobalSection
	GlobalSection(ExtensibilityGlobals) = postSolution
		SolutionGuid = {B5253B4C-F3DD-302A-90DA-86FC26B9D646}
	EndGlobalSection
	GlobalSection(ExtensibilityAddIns) = postSolution
	EndGlobalSection
EndGlobal
