<?xml version="1.0" encoding="utf-8"?>
<Project ToolsVersion="17.0" xmlns="http://schemas.microsoft.com/developer/msbuild/2003">
  <ItemGroup>
    <CustomBuild Include="G:\src\glfw\config\CMakeFiles\29cd48c7c98876a882bd7a3031c416bb\uninstall.rule">
      <Filter>CMake Rules</Filter>
    </CustomBuild>
    <CustomBuild Include="G:\src\glfw\CMakeLists.txt" />
  </ItemGroup>
  <ItemGroup>
    <None Include="G:\src\glfw\config\CMakeFiles\uninstall" />
  </ItemGroup>
  <ItemGroup>
    <Filter Include="CMake Rules">
      <UniqueIdentifier>{0F7C29E3-AF09-393E-9B31-7658E6D99297}</UniqueIdentifier>
    </Filter>
  </ItemGroup>
</Project>
