<?xml version="1.0" encoding="utf-8"?>
<Project ToolsVersion="17.0" xmlns="http://schemas.microsoft.com/developer/msbuild/2003">
  <ItemGroup>
    <CustomBuild Include="G:\src\glfw\config\CMakeFiles\a8829414a3a65784d755a72f7a51564b\INSTALL_force.rule">
      <Filter>CMake Rules</Filter>
    </CustomBuild>
  </ItemGroup>
  <ItemGroup>
    <Filter Include="CMake Rules">
      <UniqueIdentifier>{0F7C29E3-AF09-393E-9B31-7658E6D99297}</UniqueIdentifier>
    </Filter>
  </ItemGroup>
</Project>
